{
  "lockfileVersion": 2,
  "configVersion": 1,
  "workspaces": {
    "": {
      "name": "superterminal",
      "devDependencies": {
        "@types/bun": "^1.4.0",
        "@types/react": "^19.0.0",
        "typescript": "^5.7.0",
      },
    },
    "packages/app": {
      "name": "@superterminal/app",
      "version": "0.1.0",
      "dependencies": {
        "@gpuix/react": "^0.7.0",
        "@superterminal/protocol-ts": "workspace:*",
        "react": "^19.2.8",
        "zod": "^4.5.4",
      },
      "devDependencies": {
        "@types/bun": "^1.4.0",
      },
    },
    "packages/protocol-ts": {
      "name": "@superterminal/protocol-ts",
      "version": "0.1.0",
    },
  },
  "packages": {
    "@gpuix/native": ["@gpuix/native@0.7.0", "", { "optionalDependencies": { "@gpuix/native-darwin-arm64": "0.7.0", "@gpuix/native-linux-x64-gnu": "0.7.0", "@gpuix/native-win32-x64-msvc": "0.7.0" } }, "sha512-nyYTs+edJ4aztXltcwkRzbmFwVEHcP0r4OmnHfvufbM/m+vOISkAZOMGw7F8QmDd0x/PPHUTCTVi76U5VBal8Q=="],

    "@gpuix/native-darwin-arm64": ["@gpuix/native-darwin-arm64@0.7.0", "", { "os": "darwin", "cpu": "arm64" }, "sha512-ZnAdAqoL60tZH+u4sJKWSY4Cx9cfsFxtqkgMoD39FdMSAgtXhg5b6qHaSltBrc7VMs5z8cVxxI9fK9KR+LjTNg=="],

    "@gpuix/native-linux-x64-gnu": ["@gpuix/native-linux-x64-gnu@0.7.0", "", { "os": "linux", "cpu": "x64" }, "sha512-jch73oOMDX5kr+Qe6SjFQ7jroCnjgo42cYEVQ8UonWLOVxRIhXo0InJEgLk70HJ9bgNkKXwBSoqBTXBpG/Xgng=="],

    "@gpuix/native-win32-x64-msvc": ["@gpuix/native-win32-x64-msvc@0.7.0", "", { "os": "win32", "cpu": "x64" }, "sha512-NTJPEmyU2Cxn+nejY7H8f7htZS3WVz79ek+R7gnAlFtASKvPaUtUYCKHrhAb1HToxqVm7cvaKf3ZxjY3ej4BCw=="],

    "@gpuix/react": ["@gpuix/react@0.7.0", "", { "dependencies": { "@gpuix/native": "^0.7.0", "eventsource-parser": "^4.1.0", "react-reconciler": "^0.31.0", "zod": "^4.4.3" }, "peerDependencies": { "react": "^18.0.0 || ^19.0.0" } }, "sha512-L8lL/OmFkL0DI9Cip13kbdnOo2tNTvboHu01O4Qyph/LAb8og0BSs3QAzeG1vUBddZNFysAQlbhjWPBNCOke+g=="],

    "@superterminal/app": ["@superterminal/app@workspace:packages/app"],

    "@superterminal/protocol-ts": ["@superterminal/protocol-ts@workspace:packages/protocol-ts"],

    "@types/bun": ["@types/bun@1.4.0", "", { "dependencies": { "bun-types": "1.4.0" } }, "sha512-K+lZULY23vRgK/CfTjFIV+tyifaNdSMlPh9j+6mQ/cLfpOznLyAuzgV/JQysyECpkBQLVMSyvjlr2fBUSA9wFQ=="],

    "@types/node": ["@types/node@26.4.0", "", { "dependencies": { "undici-types": "~8.3.0" } }, "sha512-faiGnoIrLH/V8cibOMEAZ8pMw6oXqSukl29ra4mN8GdaB2ZewzeaLj+INpV5N+Z1eKWzY+IzaIZH2EIR6YZRNQ=="],

    "@types/react": ["@types/react@19.2.18", "", { "dependencies": { "csstype": "^3.2.2" } }, "sha512-AnzbBERsrLKtk2XSfTbYRLjQPdy116Sty4q+T+Bp3IC4l6jNBvreVPAHmpq9qhXQM7CXZPjLVmGMw9sy+hxQ3w=="],

    "bun-types": ["bun-types@1.4.0", "", { "dependencies": { "@types/node": "*" } }, "sha512-iIKw23BspnQQYd3prITOBxeUsxBHnwzX6YJfGMuNOZzeNcMmVqzIIVGRm1l69ogaPQmb4wB6BN8mA5bE9YuC5Q=="],

    "csstype": ["csstype@3.2.3", "", {}, "sha512-z1HGKcYy2xA8AGQfwrn0PAy+PB7X/GSj3UVJW9qKyn43xWa+gl5nXmU4qqLMRzWVLFC8KusUX8T/0kCiOYpAIQ=="],

    "eventsource-parser": ["eventsource-parser@4.1.0", "", {}, "sha512-+DHvQ1wLO//MK+1OZgcuXCbZFKgu3YjKPJt7n98rxX8vezL0ni+7s3ZQiM8bJkUEOk7MsuCycrPLj0FzUNf7Og=="],

    "react": ["react@19.2.8", "", {}, "sha512-PWaYA1L/q9u2u7xYQi+Y3L3Yfnie7XyLeaJICV1MGD6LprsBxcAqGjYyr0eY3p+QdsA+x/Irkt4Qif8D63+Sbw=="],

    "react-reconciler": ["react-reconciler@0.31.0", "", { "dependencies": { "scheduler": "^0.25.0" }, "peerDependencies": { "react": "^19.0.0" } }, "sha512-7Ob7Z+URmesIsIVRjnLoDGwBEG/tVitidU0nMsqX/eeJaLY89RISO/10ERe0MqmzuKUUB1rmY+h1itMbUHg9BQ=="],

    "scheduler": ["scheduler@0.25.0", "", {}, "sha512-xFVuu11jh+xcO7JOAGJNOXld8/TcEHK/4CituBUeUb5hqxJLj9YuemAEuvm9gQ/+pgXYfbQuqAkiYu+u7YEsNA=="],

    "typescript": ["typescript@5.9.3", "", { "bin": { "tsc": "bin/tsc", "tsserver": "bin/tsserver" } }, "sha512-jl1vZzPDinLr9eUt3J/t7V6FgNEw9QjvBPdysz9KfQDD41fQrC2Y4vKQdiaUpFT4bXlb1RHhLpp8wtm6M5TgSw=="],

    "undici-types": ["undici-types@8.3.0", "", {}, "sha512-j375ScV60dom+YkPFIfTLcOiPxkN/buHz5GobjLhixFuANaNs3C9l4GmrWqejgXWJ7BbJcFYpTEUkS1Ge8bpZQ=="],

    "zod": ["zod@4.5.4", "", {}, "sha512-sC95tT5iHHH9gtpj6A81kh+NEaRAUFN+qlUPDUbRfOMvNf5QCBqsb3WgvnpVtK5Y+4UfA6KqufotuTvMGiTlsA=="],
  }
}
